// !$*UTF8*$!
{
	archiveVersion = 1;
	classes = {
	};
	objectVersion = 55;
	objects = {

/* Begin PBXBuildFile section */
		5F1EEB9029DB73E100266484 /* AddCarbonEvidenceButton.swift in Sources */ = {isa = PBXBuildFile; fileRef = 5F1EEB8F29DB73E100266484 /* AddCarbonEvidenceButton.swift */; };
		5F1EEB9229DB75FC00266484 /* ChevronToggle.swift in Sources */ = {isa = PBXBuildFile; fileRef = 5F1EEB9129DB75FC00266484 /* ChevronToggle.swift */; };
		5F1EEB9429DB84E000266484 /* ThickDivider.swift in Sources */ = {isa = PBXBuildFile; fileRef = 5F1EEB9329DB84E000266484 /* ThickDivider.swift */; };
		5F287BB828246551005B0CD7 /* IndigoAgPartialCloneApp.swift in Sources */ = {isa = PBXBuildFile; fileRef = 5F287BB728246551005B0CD7 /* IndigoAgPartialCloneApp.swift */; };
		5F287BBC28246553005B0CD7 /* Assets.xcassets in Resources */ = {isa = PBXBuildFile; fileRef = 5F287BBB28246553005B0CD7 /* Assets.xcassets */; };
		5F287BBF28246553005B0CD7 /* Preview Assets.xcassets in Resources */ = {isa = PBXBuildFile; fileRef = 5F287BBE28246553005B0CD7 /* Preview Assets.xcassets */; };
		5F287BE2282465A0005B0CD7 /* LoginView.swift in Sources */ = {isa = PBXBuildFile; fileRef = 5F287BE1282465A0005B0CD7 /* LoginView.swift */; };
		5F287BE4282465CF005B0CD7 /* BeforeLoginView.swift in Sources */ = {isa = PBXBuildFile; fileRef = 5F287BE3282465CF005B0CD7 /* BeforeLoginView.swift */; };
		5F287BE628246696005B0CD7 /* HomeView.swift in Sources */ = {isa = PBXBuildFile; fileRef = 5F287BE528246696005B0CD7 /* HomeView.swift */; };
		5F287BE8282466BD005B0CD7 /* StoreFrontView.swift in Sources */ = {isa = PBXBuildFile; fileRef = 5F287BE7282466BD005B0CD7 /* StoreFrontView.swift */; };
		5F287BEE2825F1F3005B0CD7 /* ConstantsAndExtensions.swift in Sources */ = {isa = PBXBuildFile; fileRef = 5F287BED2825F1F3005B0CD7 /* ConstantsAndExtensions.swift */; };
		5F287BF02828599A005B0CD7 /* StorefrontRow.swift in Sources */ = {isa = PBXBuildFile; fileRef = 5F287BEF2828599A005B0CD7 /* StorefrontRow.swift */; };
		5F287BF22828648D005B0CD7 /* SearchBar.swift in Sources */ = {isa = PBXBuildFile; fileRef = 5F287BF12828648D005B0CD7 /* SearchBar.swift */; };
/* End PBXBuildFile section */

/* Begin PBXFileReference section */
		5F1EEB8F29DB73E100266484 /* AddCarbonEvidenceButton.swift */ = {isa = PBXFileReference; lastKnownFileType = sourcecode.swift; path = AddCarbonEvidenceButton.swift; sourceTree = "<group>"; };
		5F1EEB9129DB75FC00266484 /* ChevronToggle.swift */ = {isa = PBXFileReference; lastKnownFileType = sourcecode.swift; path = ChevronToggle.swift; sourceTree = "<group>"; };
		5F1EEB9329DB84E000266484 /* ThickDivider.swift */ = {isa = PBXFileReference; lastKnownFileType = sourcecode.swift; path = ThickDivider.swift; sourceTree = "<group>"; };
		5F287BB428246551005B0CD7 /* IndigoAgPartialClone.app */ = {isa = PBXFileReference; explicitFileType = wrapper.application; includeInIndex = 0; path = IndigoAgPartialClone.app; sourceTree = BUILT_PRODUCTS_DIR; };
		5F287BB728246551005B0CD7 /* IndigoAgPartialCloneApp.swift */ = {isa = PBXFileReference; lastKnownFileType = sourcecode.swift; path = IndigoAgPartialCloneApp.swift; sourceTree = "<group>"; };
		5F287BBB28246553005B0CD7 /* Assets.xcassets */ = {isa = PBXFileReference; lastKnownFileType = folder.assetcatalog; path = Assets.xcassets; sourceTree = "<group>"; };
		5F287BBE28246553005B0CD7 /* Preview Assets.xcassets */ = {isa = PBXFileReference; lastKnownFileType = folder.assetcatalog; path = "Preview Assets.xcassets"; sourceTree = "<group>"; };
		5F287BE1282465A0005B0CD7 /* LoginView.swift */ = {isa = PBXFileReference; lastKnownFileType = sourcecode.swift; path = LoginView.swift; sourceTree = "<group>"; };
		5F287BE3282465CF005B0CD7 /* BeforeLoginView.swift */ = {isa = PBXFileReference; lastKnownFileType = sourcecode.swift; path = BeforeLoginView.swift; sourceTree = "<group>"; };
		5F287BE528246696005B0CD7 /* HomeView.swift */ = {isa = PBXFileReference; lastKnownFileType = sourcecode.swift; path = HomeView.swift; sourceTree = "<group>"; };
		5F287BE7282466BD005B0CD7 /* StoreFrontView.swift */ = {isa = PBXFileReference; lastKnownFileType = sourcecode.swift; path = StoreFrontView.swift; sourceTree = "<group>"; };
		5F287BED2825F1F3005B0CD7 /* ConstantsAndExtensions.swift */ = {isa = PBXFileReference; lastKnownFileType = sourcecode.swift; path = ConstantsAndExtensions.swift; sourceTree = "<group>"; };
		5F287BEF2828599A005B0CD7 /* StorefrontRow.swift */ = {isa = PBXFileReference; lastKnownFileType = sourcecode.swift; path = StorefrontRow.swift; sourceTree = "<group>"; };
		5F287BF12828648D005B0CD7 /* SearchBar.swift */ = {isa = PBXFileReference; lastKnownFileType = sourcecode.swift; path = SearchBar.swift; sourceTree = "<group>"; };
/* End PBXFileReference section */

/* Begin PBXFrameworksBuildPhase section */
		5F287BB128246551005B0CD7 /* Frameworks */ = {
			isa = PBXFrameworksBuildPhase;
			buildActionMask = 2147483647;
			files = (
			);
			runOnlyForDeploymentPostprocessing = 0;
		};
/* End PBXFrameworksBuildPhase section */

/* Begin PBXGroup section */
		5F1EEB9529DB87AF00266484 /* UIComponents */ = {
			isa = PBXGroup;
			children = (
				5F287BEF2828599A005B0CD7 /* StorefrontRow.swift */,
				5F287BF12828648D005B0CD7 /* SearchBar.swift */,
				5F1EEB8F29DB73E100266484 /* AddCarbonEvidenceButton.swift */,
				5F1EEB9129DB75FC00266484 /* ChevronToggle.swift */,
				5F1EEB9329DB84E000266484 /* ThickDivider.swift */,
			);
			path = UIComponents;
			sourceTree = "<group>";
		};
		5F287BAB28246551005B0CD7 = {
			isa = PBXGroup;
			children = (
				5F287BB628246551005B0CD7 /* IndigoAgPartialClone */,
				5F287BB528246551005B0CD7 /* Products */,
			);
			sourceTree = "<group>";
		};
		5F287BB528246551005B0CD7 /* Products */ = {
			isa = PBXGroup;
			children = (
				5F287BB428246551005B0CD7 /* IndigoAgPartialClone.app */,
			);
			name = Products;
			sourceTree = "<group>";
		};
		5F287BB628246551005B0CD7 /* IndigoAgPartialClone */ = {
			isa = PBXGroup;
			children = (
				5F287BB728246551005B0CD7 /* IndigoAgPartialCloneApp.swift */,
				5F287BE3282465CF005B0CD7 /* BeforeLoginView.swift */,
				5F287BE1282465A0005B0CD7 /* LoginView.swift */,
				5F287BE528246696005B0CD7 /* HomeView.swift */,
				5F287BE7282466BD005B0CD7 /* StoreFrontView.swift */,
				5F1EEB9529DB87AF00266484 /* UIComponents */,
				5F287BED2825F1F3005B0CD7 /* ConstantsAndExtensions.swift */,
				5F287BBB28246553005B0CD7 /* Assets.xcassets */,
				5F287BBD28246553005B0CD7 /* Preview Content */,
			);
			path = IndigoAgPartialClone;
			sourceTree = "<group>";
		};
		5F287BBD28246553005B0CD7 /* Preview Content */ = {
			isa = PBXGroup;
			children = (
				5F287BBE28246553005B0CD7 /* Preview Assets.xcassets */,
			);
			path = "Preview Content";
			sourceTree = "<group>";
		};
/* End PBXGroup section */

/* Begin PBXNativeTarget section */
		5F287BB328246551005B0CD7 /* IndigoAgPartialClone */ = {
			isa = PBXNativeTarget;
			buildConfigurationList = 5F287BD828246553005B0CD7 /* Build configuration list for PBXNativeTarget "IndigoAgPartialClone" */;
			buildPhases = (
				5F287BB028246551005B0CD7 /* Sources */,
				5F287BB128246551005B0CD7 /* Frameworks */,
				5F287BB228246551005B0CD7 /* Resources */,
			);
			buildRules = (
			);
			dependencies = (
			);
			name = IndigoAgPartialClone;
			productName = IndigoAgPartialClone;
			productReference = 5F287BB428246551005B0CD7 /* IndigoAgPartialClone.app */;
			productType = "com.apple.product-type.application";
		};
/* End PBXNativeTarget section */

/* Begin PBXProject section */
		5F287BAC28246551005B0CD7 /* Project object */ = {
			isa = PBXProject;
			attributes = {
				BuildIndependentTargetsInParallel = 1;
				LastSwiftUpdateCheck = 1330;
				LastUpgradeCheck = 1330;
				TargetAttributes = {
					5F287BB328246551005B0CD7 = {
						CreatedOnToolsVersion = 13.3.1;
					};
				};
			};
			buildConfigurationList = 5F287BAF28246551005B0CD7 /* Build configuration list for PBXProject "IndigoAgPartialClone" */;
			compatibilityVersion = "Xcode 13.0";
			developmentRegion = en;
			hasScannedForEncodings = 0;
			knownRegions = (
				en,
				Base,
			);
			mainGroup = 5F287BAB28246551005B0CD7;
			productRefGroup = 5F287BB528246551005B0CD7 /* Products */;
			projectDirPath = "";
			projectRoot = "";
			targets = (
				5F287BB328246551005B0CD7 /* IndigoAgPartialClone */,
			);
		};
/* End PBXProject section */

/* Begin PBXResourcesBuildPhase section */
		5F287BB228246551005B0CD7 /* Resources */ = {
			isa = PBXResourcesBuildPhase;
			buildActionMask = 2147483647;
			files = (
				5F287BBF28246553005B0CD7 /* Preview Assets.xcassets in Resources */,
				5F287BBC28246553005B0CD7 /* Assets.xcassets in Resources */,
			);
			runOnlyForDeploymentPostprocessing = 0;
		};
/* End PBXResourcesBuildPhase section */

/* Begin PBXSourcesBuildPhase section */
		5F287BB028246551005B0CD7 /* Sources */ = {
			isa = PBXSourcesBuildPhase;
			buildActionMask = 2147483647;
			files = (
				5F287BE2282465A0005B0CD7 /* LoginView.swift in Sources */,
				5F287BF02828599A005B0CD7 /* StorefrontRow.swift in Sources */,
				5F287BE8282466BD005B0CD7 /* StoreFrontView.swift in Sources */,
				5F1EEB9229DB75FC00266484 /* ChevronToggle.swift in Sources */,
				5F287BB828246551005B0CD7 /* IndigoAgPartialCloneApp.swift in Sources */,
				5F1EEB9429DB84E000266484 /* ThickDivider.swift in Sources */,
				5F287BE628246696005B0CD7 /* HomeView.swift in Sources */,
				5F287BE4282465CF005B0CD7 /* BeforeLoginView.swift in Sources */,
				5F287BF22828648D005B0CD7 /* SearchBar.swift in Sources */,
				5F1EEB9029DB73E100266484 /* AddCarbonEvidenceButton.swift in Sources */,
				5F287BEE2825F1F3005B0CD7 /* ConstantsAndExtensions.swift in Sources */,
			);
			runOnlyForDeploymentPostprocessing = 0;
		};
/* End PBXSourcesBuildPhase section */

/* Begin XCBuildConfiguration section */
		5F287BD628246553005B0CD7 /* Debug */ = {
			isa = XCBuildConfiguration;
			buildSettings = {
				ALWAYS_SEARCH_USER_PATHS = NO;
				CLANG_ANALYZER_NONNULL = YES;
				CLANG_ANALYZER_NUMBER_OBJECT_CONVERSION = YES_AGGRESSIVE;
				CLANG_CXX_LANGUAGE_STANDARD = "gnu++17";
				CLANG_ENABLE_MODULES = YES;
				CLANG_ENABLE_OBJC_ARC = YES;
				CLANG_ENABLE_OBJC_WEAK = YES;
				CLANG_WARN_BLOCK_CAPTURE_AUTORELEASING = YES;
				CLANG_WARN_BOOL_CONVERSION = YES;
				CLANG_WARN_COMMA = YES;
				CLANG_WARN_CONSTANT_CONVERSION = YES;
				CLANG_WARN_DEPRECATED_OBJC_IMPLEMENTATIONS = YES;
				CLANG_WARN_DIRECT_OBJC_ISA_USAGE = YES_ERROR;
				CLANG_WARN_DOCUMENTATION_COMMENTS = YES;
				CLANG_WARN_EMPTY_BODY = YES;
				CLANG_WARN_ENUM_CONVERSION = YES;
				CLANG_WARN_INFINITE_RECURSION = YES;
				CLANG_WARN_INT_CONVERSION = YES;
				CLANG_WARN_NON_LITERAL_NULL_CONVERSION = YES;
				CLANG_WARN_OBJC_IMPLICIT_RETAIN_SELF = YES;
				CLANG_WARN_OBJC_LITERAL_CONVERSION = YES;
				CLANG_WARN_OBJC_ROOT_CLASS = YES_ERROR;
				CLANG_WARN_QUOTED_INCLUDE_IN_FRAMEWORK_HEADER = YES;
				CLANG_WARN_RANGE_LOOP_ANALYSIS = YES;
				CLANG_WARN_STRICT_PROTOTYPES = YES;
				CLANG_WARN_SUSPICIOUS_MOVE = YES;
				CLANG_WARN_UNGUARDED_AVAILABILITY = YES_AGGRESSIVE;
				CLANG_WARN_UNREACHABLE_CODE = YES;
				CLANG_WARN__DUPLICATE_METHOD_MATCH = YES;
				COPY_PHASE_STRIP = NO;
				DEBUG_INFORMATION_FORMAT = dwarf;
				ENABLE_STRICT_OBJC_MSGSEND = YES;
				ENABLE_TESTABILITY = YES;
				GCC_C_LANGUAGE_STANDARD = gnu11;
				GCC_DYNAMIC_NO_PIC = NO;
				GCC_NO_COMMON_BLOCKS = YES;
				GCC_OPTIMIZATION_LEVEL = 0;
				GCC_PREPROCESSOR_DEFINITIONS = (
					"DEBUG=1",
					"$(inherited)",
				);
				GCC_WARN_64_TO_32_BIT_CONVERSION = YES;
				GCC_WARN_ABOUT_RETURN_TYPE = YES_ERROR;
				GCC_WARN_UNDECLARED_SELECTOR = YES;
				GCC_WARN_UNINITIALIZED_AUTOS = YES_AGGRESSIVE;
				GCC_WARN_UNUSED_FUNCTION = YES;
				GCC_WARN_UNUSED_VARIABLE = YES;
				IPHONEOS_DEPLOYMENT_TARGET = 15.4;
				MTL_ENABLE_DEBUG_INFO = INCLUDE_SOURCE;
				MTL_FAST_MATH = YES;
				ONLY_ACTIVE_ARCH = YES;
				SDKROOT = iphoneos;
				SWIFT_ACTIVE_COMPILATION_CONDITIONS = DEBUG;
				SWIFT_OPTIMIZATION_LEVEL = "-Onone";
			};
			name = Debug;
		};
		5F287BD728246553005B0CD7 /* Release */ = {
			isa = XCBuildConfiguration;
			buildSettings = {
				ALWAYS_SEARCH_USER_PATHS = NO;
				CLANG_ANALYZER_NONNULL = YES;
				CLANG_ANALYZER_NUMBER_OBJECT_CONVERSION = YES_AGGRESSIVE;
				CLANG_CXX_LANGUAGE_STANDARD = "gnu++17";
				CLANG_ENABLE_MODULES = YES;
				CLANG_ENABLE_OBJC_ARC = YES;
				CLANG_ENABLE_OBJC_WEAK = YES;
				CLANG_WARN_BLOCK_CAPTURE_AUTORELEASING = YES;
				CLANG_WARN_BOOL_CONVERSION = YES;
				CLANG_WARN_COMMA = YES;
				CLANG_WARN_CONSTANT_CONVERSION = YES;
				CLANG_WARN_DEPRECATED_OBJC_IMPLEMENTATIONS = YES;
				CLANG_WARN_DIRECT_OBJC_ISA_USAGE = YES_ERROR;
				CLANG_WARN_DOCUMENTATION_COMMENTS = YES;
				CLANG_WARN_EMPTY_BODY = YES;
				CLANG_WARN_ENUM_CONVERSION = YES;
				CLANG_WARN_INFINITE_RECURSION = YES;
				CLANG_WARN_INT_CONVERSION = YES;
				CLANG_WARN_NON_LITERAL_NULL_CONVERSION = YES;
				CLANG_WARN_OBJC_IMPLICIT_RETAIN_SELF = YES;
				CLANG_WARN_OBJC_LITERAL_CONVERSION = YES;
				CLANG_WARN_OBJC_ROOT_CLASS = YES_ERROR;
				CLANG_WARN_QUOTED_INCLUDE_IN_FRAMEWORK_HEADER = YES;
				CLANG_WARN_RANGE_LOOP_ANALYSIS = YES;
				CLANG_WARN_STRICT_PROTOTYPES = YES;
				CLANG_WARN_SUSPICIOUS_MOVE = YES;
				CLANG_WARN_UNGUARDED_AVAILABILITY = YES_AGGRESSIVE;
				CLANG_WARN_UNREACHABLE_CODE = YES;
				CLANG_WARN__DUPLICATE_METHOD_MATCH = YES;
				COPY_PHASE_STRIP = NO;
				DEBUG_INFORMATION_FORMAT = "dwarf-with-dsym";
				ENABLE_NS_ASSERTIONS = NO;
				ENABLE_STRICT_OBJC_MSGSEND = YES;
				GCC_C_LANGUAGE_STANDARD = gnu11;
				GCC_NO_COMMON_BLOCKS = YES;
				GCC_WARN_64_TO_32_BIT_CONVERSION = YES;
				GCC_WARN_ABOUT_RETURN_TYPE = YES_ERROR;
				GCC_WARN_UNDECLARED_SELECTOR = YES;
				GCC_WARN_UNINITIALIZED_AUTOS = YES_AGGRESSIVE;
				GCC_WARN_UNUSED_FUNCTION = YES;
				GCC_WARN_UNUSED_VARIABLE = YES;
				IPHONEOS_DEPLOYMENT_TARGET = 15.4;
				MTL_ENABLE_DEBUG_INFO = NO;
				MTL_FAST_MATH = YES;
				SDKROOT = iphoneos;
				SWIFT_COMPILATION_MODE = wholemodule;
				SWIFT_OPTIMIZATION_LEVEL = "-O";
				VALIDATE_PRODUCT = YES;
			};
			name = Release;
		};
		5F287BD928246553005B0CD7 /* Debug */ = {
			isa = XCBuildConfiguration;
			buildSettings = {
				ASSETCATALOG_COMPILER_APPICON_NAME = AppIcon;
				ASSETCATALOG_COMPILER_GLOBAL_ACCENT_COLOR_NAME = AccentColor;
				CODE_SIGN_STYLE = Automatic;
				CURRENT_PROJECT_VERSION = 1;
				DEVELOPMENT_ASSET_PATHS = "\"IndigoAgPartialClone/Preview Content\"";
				DEVELOPMENT_TEAM = QP46GZR9X8;
				ENABLE_PREVIEWS = YES;
				GENERATE_INFOPLIST_FILE = YES;
				INFOPLIST_KEY_UIApplicationSceneManifest_Generation = YES;
				INFOPLIST_KEY_UIApplicationSupportsIndirectInputEvents = YES;
				INFOPLIST_KEY_UILaunchScreen_Generation = YES;
				INFOPLIST_KEY_UISupportedInterfaceOrientations_iPad = "UIInterfaceOrientationPortrait UIInterfaceOrientationPortraitUpsideDown UIInterfaceOrientationLandscapeLeft UIInterfaceOrientationLandscapeRight";
				INFOPLIST_KEY_UISupportedInterfaceOrientations_iPhone = "UIInterfaceOrientationPortrait UIInterfaceOrientationLandscapeLeft UIInterfaceOrientationLandscapeRight";
				LD_RUNPATH_SEARCH_PATHS = (
					"$(inherited)",
					"@executable_path/Frameworks",
				);
				MARKETING_VERSION = 1.0;
				PRODUCT_BUNDLE_IDENTIFIER = AnthonyHarvey.IndigoAgPartialClone;
				PRODUCT_NAME = "$(TARGET_NAME)";
				SWIFT_EMIT_LOC_STRINGS = YES;
				SWIFT_VERSION = 5.0;
				TARGETED_DEVICE_FAMILY = "1,2";
			};
			name = Debug;
		};
		5F287BDA28246553005B0CD7 /* Release */ = {
			isa = XCBuildConfiguration;
			buildSettings = {
				ASSETCATALOG_COMPILER_APPICON_NAME = AppIcon;
				ASSETCATALOG_COMPILER_GLOBAL_ACCENT_COLOR_NAME = AccentColor;
				CODE_SIGN_STYLE = Automatic;
				CURRENT_PROJECT_VERSION = 1;
				DEVELOPMENT_ASSET_PATHS = "\"IndigoAgPartialClone/Preview Content\"";
				DEVELOPMENT_TEAM = QP46GZR9X8;
				ENABLE_PREVIEWS = YES;
				GENERATE_INFOPLIST_FILE = YES;
				INFOPLIST_KEY_UIApplicationSceneManifest_Generation = YES;
				INFOPLIST_KEY_UIApplicationSupportsIndirectInputEvents = YES;
				INFOPLIST_KEY_UILaunchScreen_Generation = YES;
				INFOPLIST_KEY_UISupportedInterfaceOrientations_iPad = "UIInterfaceOrientationPortrait UIInterfaceOrientationPortraitUpsideDown UIInterfaceOrientationLandscapeLeft UIInterfaceOrientationLandscapeRight";
				INFOPLIST_KEY_UISupportedInterfaceOrientations_iPhone = "UIInterfaceOrientationPortrait UIInterfaceOrientationLandscapeLeft UIInterfaceOrientationLandscapeRight";
				LD_RUNPATH_SEARCH_PATHS = (
					"$(inherited)",
					"@executable_path/Frameworks",
				);
				MARKETING_VERSION = 1.0;
				PRODUCT_BUNDLE_IDENTIFIER = AnthonyHarvey.IndigoAgPartialClone;
				PRODUCT_NAME = "$(TARGET_NAME)";
				SWIFT_EMIT_LOC_STRINGS = YES;
				SWIFT_VERSION = 5.0;
				TARGETED_DEVICE_FAMILY = "1,2";
			};
			name = Release;
		};
/* End XCBuildConfiguration section */

/* Begin XCConfigurationList section */
		5F287BAF28246551005B0CD7 /* Build configuration list for PBXProject "IndigoAgPartialClone" */ = {
			isa = XCConfigurationList;
			buildConfigurations = (
				5F287BD628246553005B0CD7 /* Debug */,
				5F287BD728246553005B0CD7 /* Release */,
			);
			defaultConfigurationIsVisible = 0;
			defaultConfigurationName = Release;
		};
		5F287BD828246553005B0CD7 /* Build configuration list for PBXNativeTarget "IndigoAgPartialClone" */ = {
			isa = XCConfigurationList;
			buildConfigurations = (
				5F287BD928246553005B0CD7 /* Debug */,
				5F287BDA28246553005B0CD7 /* Release */,
			);
			defaultConfigurationIsVisible = 0;
			defaultConfigurationName = Release;
		};
/* End XCConfigurationList section */
	};
	rootObject = 5F287BAC28246551005B0CD7 /* Project object */;
}
